
Microsoft Visual Studio Solution File, Format Version 12.00
Project("{FAE04EC0-301F-11D3-BF4B-00C04F79EFBC}") = "HeapingDumper", "src\HeapingDumper\HeapingDumper.csproj", "{D907DFC7-FBE8-4F94-8C66-E845A716454D}"
EndProject
Project("{FAE04EC0-301F-11D3-BF4B-00C04F79EFBC}") = "MemoryMirror.Shared", "src\MemoryMirror\MemoryMirror.Shared\MemoryMirror.Shared.csproj", "{FE3A9C66-AFD0-421C-BFE6-A9496CC2AE23}"
EndProject
Global
	GlobalSection(SolutionConfigurationPlatforms) = preSolution
		Debug|Any CPU = Debug|Any CPU
		Release|Any CPU = Release|Any CPU
	EndGlobalSection
	GlobalSection(ProjectConfigurationPlatforms) = postSolution
		{D907DFC7-FBE8-4F94-8C66-E845A716454D}.Debug|Any CPU.ActiveCfg = Debug|Any CPU
		{D907DFC7-FBE8-4F94-8C66-E845A716454D}.Debug|Any CPU.Build.0 = Debug|Any CPU
		{D907DFC7-FBE8-4F94-8C66-E845A716454D}.Release|Any CPU.ActiveCfg = Release|Any CPU
		{D907DFC7-FBE8-4F94-8C66-E845A716454D}.Release|Any CPU.Build.0 = Release|Any CPU
		{FE3A9C66-AFD0-421C-BFE6-A9496CC2AE23}.Debug|Any CPU.ActiveCfg = Debug|Any CPU
		{FE3A9C66-AFD0-421C-BFE6-A9496CC2AE23}.Debug|Any CPU.Build.0 = Debug|Any CPU
		{FE3A9C66-AFD0-421C-BFE6-A9496CC2AE23}.Release|Any CPU.ActiveCfg = Release|Any CPU
		{FE3A9C66-AFD0-421C-BFE6-A9496CC2AE23}.Release|Any CPU.Build.0 = Release|Any CPU
	EndGlobalSection
	GlobalSection(NestedProjects) = preSolution
	EndGlobalSection
EndGlobal
